// !$*UTF8*$!
{
	archiveVersion = 1;
	classes = {
	};
	objectVersion = 46;
	objects = {

/* Begin PBXBuildFile section */
		1A2AEC221BA9D63E00528C4A /* StoryDetailModel.m in Sources */ = {isa = PBXBuildFile; fileRef = 1A2AEC211BA9D63E00528C4A /* StoryDetailModel.m */; };
		1A30D6B01BA4912F0072CB67 /* libxml2.dylib in Frameworks */ = {isa = PBXBuildFile; fileRef = 1A30D6AF1BA4912F0072CB67 /* libxml2.dylib */; };
		1A30D6B61BA494F50072CB67 /* HTMLNode.m in Sources */ = {isa = PBXBuildFile; fileRef = 1A30D6B31BA494F50072CB67 /* HTMLNode.m */; };
		1A30D6B71BA494F50072CB67 /* HTMLParser.m in Sources */ = {isa = PBXBuildFile; fileRef = 1A30D6B51BA494F50072CB67 /* HTMLParser.m */; };
		1A65018A1BA46F1E00CAADEF /* main.m in Sources */ = {isa = PBXBuildFile; fileRef = 1A6501891BA46F1E00CAADEF /* main.m */; };
		1A65018D1BA46F1E00CAADEF /* AppDelegate.m in Sources */ = {isa = PBXBuildFile; fileRef = 1A65018C1BA46F1E00CAADEF /* AppDelegate.m */; };
		1A6501901BA46F1E00CAADEF /* ViewController.m in Sources */ = {isa = PBXBuildFile; fileRef = 1A65018F1BA46F1E00CAADEF /* ViewController.m */; };
		1A6501931BA46F1E00CAADEF /* Main.storyboard in Resources */ = {isa = PBXBuildFile; fileRef = 1A6501911BA46F1E00CAADEF /* Main.storyboard */; };
		1A6501951BA46F1E00CAADEF /* Images.xcassets in Resources */ = {isa = PBXBuildFile; fileRef = 1A6501941BA46F1E00CAADEF /* Images.xcassets */; };
		1A6501981BA46F1E00CAADEF /* LaunchScreen.xib in Resources */ = {isa = PBXBuildFile; fileRef = 1A6501961BA46F1E00CAADEF /* LaunchScreen.xib */; };
		1A6501A41BA46F1F00CAADEF /* StoryTests.m in Sources */ = {isa = PBXBuildFile; fileRef = 1A6501A31BA46F1F00CAADEF /* StoryTests.m */; };
/* End PBXBuildFile section */

/* Begin PBXContainerItemProxy section */
		1A65019E1BA46F1F00CAADEF /* PBXContainerItemProxy */ = {
			isa = PBXContainerItemProxy;
			containerPortal = 1A65017C1BA46F1D00CAADEF /* Project object */;
			proxyType = 1;
			remoteGlobalIDString = 1A6501831BA46F1E00CAADEF;
			remoteInfo = Story;
		};
/* End PBXContainerItemProxy section */

/* Begin PBXFileReference section */
		1A2AEC201BA9D63E00528C4A /* StoryDetailModel.h */ = {isa = PBXFileReference; fileEncoding = 4; lastKnownFileType = sourcecode.c.h; path = StoryDetailModel.h; sourceTree = "<group>"; };
		1A2AEC211BA9D63E00528C4A /* StoryDetailModel.m */ = {isa = PBXFileReference; fileEncoding = 4; lastKnownFileType = sourcecode.c.objc; path = StoryDetailModel.m; sourceTree = "<group>"; };
		1A30D6AF1BA4912F0072CB67 /* libxml2.dylib */ = {isa = PBXFileReference; lastKnownFileType = "compiled.mach-o.dylib"; name = libxml2.dylib; path = usr/lib/libxml2.dylib; sourceTree = SDKROOT; };
		1A30D6B21BA494F50072CB67 /* HTMLNode.h */ = {isa = PBXFileReference; fileEncoding = 4; lastKnownFileType = sourcecode.c.h; path = HTMLNode.h; sourceTree = "<group>"; };
		1A30D6B31BA494F50072CB67 /* HTMLNode.m */ = {isa = PBXFileReference; fileEncoding = 4; lastKnownFileType = sourcecode.c.objc; path = HTMLNode.m; sourceTree = "<group>"; };
		1A30D6B41BA494F50072CB67 /* HTMLParser.h */ = {isa = PBXFileReference; fileEncoding = 4; lastKnownFileType = sourcecode.c.h; path = HTMLParser.h; sourceTree = "<group>"; };
		1A30D6B51BA494F50072CB67 /* HTMLParser.m */ = {isa = PBXFileReference; fileEncoding = 4; lastKnownFileType = sourcecode.c.objc; path = HTMLParser.m; sourceTree = "<group>"; };
		1A6501841BA46F1E00CAADEF /* Story.app */ = {isa = PBXFileReference; explicitFileType = wrapper.application; includeInIndex = 0; path = Story.app; sourceTree = BUILT_PRODUCTS_DIR; };
		1A6501881BA46F1E00CAADEF /* Info.plist */ = {isa = PBXFileReference; lastKnownFileType = text.plist.xml; path = Info.plist; sourceTree = "<group>"; };
		1A6501891BA46F1E00CAADEF /* main.m */ = {isa = PBXFileReference; lastKnownFileType = sourcecode.c.objc; path = main.m; sourceTree = "<group>"; };
		1A65018B1BA46F1E00CAADEF /* AppDelegate.h */ = {isa = PBXFileReference; lastKnownFileType = sourcecode.c.h; path = AppDelegate.h; sourceTree = "<group>"; };
		1A65018C1BA46F1E00CAADEF /* AppDelegate.m */ = {isa = PBXFileReference; lastKnownFileType = sourcecode.c.objc; path = AppDelegate.m; sourceTree = "<group>"; };
		1A65018E1BA46F1E00CAADEF /* ViewController.h */ = {isa = PBXFileReference; lastKnownFileType = sourcecode.c.h; path = ViewController.h; sourceTree = "<group>"; };
		1A65018F1BA46F1E00CAADEF /* ViewController.m */ = {isa = PBXFileReference; lastKnownFileType = sourcecode.c.objc; path = ViewController.m; sourceTree = "<group>"; };
		1A6501921BA46F1E00CAADEF /* Base */ = {isa = PBXFileReference; lastKnownFileType = file.storyboard; name = Base; path = Base.lproj/Main.storyboard; sourceTree = "<group>"; };
		1A6501941BA46F1E00CAADEF /* Images.xcassets */ = {isa = PBXFileReference; lastKnownFileType = folder.assetcatalog; path = Images.xcassets; sourceTree = "<group>"; };
		1A6501971BA46F1E00CAADEF /* Base */ = {isa = PBXFileReference; lastKnownFileType = file.xib; name = Base; path = Base.lproj/LaunchScreen.xib; sourceTree = "<group>"; };
		1A65019D1BA46F1E00CAADEF /* StoryTests.xctest */ = {isa = PBXFileReference; explicitFileType = wrapper.cfbundle; includeInIndex = 0; path = StoryTests.xctest; sourceTree = BUILT_PRODUCTS_DIR; };
		1A6501A21BA46F1F00CAADEF /* Info.plist */ = {isa = PBXFileReference; lastKnownFileType = text.plist.xml; path = Info.plist; sourceTree = "<group>"; };
		1A6501A31BA46F1F00CAADEF /* StoryTests.m */ = {isa = PBXFileReference; lastKnownFileType = sourcecode.c.objc; path = StoryTests.m; sourceTree = "<group>"; };
/* End PBXFileReference section */

/* Begin PBXFrameworksBuildPhase section */
		1A6501811BA46F1E00CAADEF /* Frameworks */ = {
			isa = PBXFrameworksBuildPhase;
			buildActionMask = 2147483647;
			files = (
				1A30D6B01BA4912F0072CB67 /* libxml2.dylib in Frameworks */,
			);
			runOnlyForDeploymentPostprocessing = 0;
		};
		1A65019A1BA46F1E00CAADEF /* Frameworks */ = {
			isa = PBXFrameworksBuildPhase;
			buildActionMask = 2147483647;
			files = (
			);
			runOnlyForDeploymentPostprocessing = 0;
		};
/* End PBXFrameworksBuildPhase section */

/* Begin PBXGroup section */
		1A30D6B11BA494F50072CB67 /* Parser */ = {
			isa = PBXGroup;
			children = (
				1A30D6B21BA494F50072CB67 /* HTMLNode.h */,
				1A30D6B31BA494F50072CB67 /* HTMLNode.m */,
				1A30D6B41BA494F50072CB67 /* HTMLParser.h */,
				1A30D6B51BA494F50072CB67 /* HTMLParser.m */,
			);
			path = Parser;
			sourceTree = "<group>";
		};
		1A65017B1BA46F1D00CAADEF = {
			isa = PBXGroup;
			children = (
				1A6501861BA46F1E00CAADEF /* Story */,
				1A6501A01BA46F1F00CAADEF /* StoryTests */,
				1A6501851BA46F1E00CAADEF /* Products */,
			);
			sourceTree = "<group>";
		};
		1A6501851BA46F1E00CAADEF /* Products */ = {
			isa = PBXGroup;
			children = (
				1A6501841BA46F1E00CAADEF /* Story.app */,
				1A65019D1BA46F1E00CAADEF /* StoryTests.xctest */,
			);
			name = Products;
			sourceTree = "<group>";
		};
		1A6501861BA46F1E00CAADEF /* Story */ = {
			isa = PBXGroup;
			children = (
				1A30D6B11BA494F50072CB67 /* Parser */,
				1A65018B1BA46F1E00CAADEF /* AppDelegate.h */,
				1A65018C1BA46F1E00CAADEF /* AppDelegate.m */,
				1A65018E1BA46F1E00CAADEF /* ViewController.h */,
				1A65018F1BA46F1E00CAADEF /* ViewController.m */,
				1A6501911BA46F1E00CAADEF /* Main.storyboard */,
				1A6501941BA46F1E00CAADEF /* Images.xcassets */,
				1A6501961BA46F1E00CAADEF /* LaunchScreen.xib */,
				1A6501871BA46F1E00CAADEF /* Supporting Files */,
				1A2AEC201BA9D63E00528C4A /* StoryDetailModel.h */,
				1A2AEC211BA9D63E00528C4A /* StoryDetailModel.m */,
			);
			path = Story;
			sourceTree = "<group>";
		};
		1A6501871BA46F1E00CAADEF /* Supporting Files */ = {
			isa = PBXGroup;
			children = (
				1A30D6AF1BA4912F0072CB67 /* libxml2.dylib */,
				1A6501881BA46F1E00CAADEF /* Info.plist */,
				1A6501891BA46F1E00CAADEF /* main.m */,
			);
			name = "Supporting Files";
			sourceTree = "<group>";
		};
		1A6501A01BA46F1F00CAADEF /* StoryTests */ = {
			isa = PBXGroup;
			children = (
				1A6501A31BA46F1F00CAADEF /* StoryTests.m */,
				1A6501A11BA46F1F00CAADEF /* Supporting Files */,
			);
			path = StoryTests;
			sourceTree = "<group>";
		};
		1A6501A11BA46F1F00CAADEF /* Supporting Files */ = {
			isa = PBXGroup;
			children = (
				1A6501A21BA46F1F00CAADEF /* Info.plist */,
			);
			name = "Supporting Files";
			sourceTree = "<group>";
		};
/* End PBXGroup section */

/* Begin PBXNativeTarget section */
		1A6501831BA46F1E00CAADEF /* Story */ = {
			isa = PBXNativeTarget;
			buildConfigurationList = 1A6501A71BA46F1F00CAADEF /* Build configuration list for PBXNativeTarget "Story" */;
			buildPhases = (
				1A6501801BA46F1E00CAADEF /* Sources */,
				1A6501811BA46F1E00CAADEF /* Frameworks */,
				1A6501821BA46F1E00CAADEF /* Resources */,
			);
			buildRules = (
			);
			dependencies = (
			);
			name = Story;
			productName = Story;
			productReference = 1A6501841BA46F1E00CAADEF /* Story.app */;
			productType = "com.apple.product-type.application";
		};
		1A65019C1BA46F1E00CAADEF /* StoryTests */ = {
			isa = PBXNativeTarget;
			buildConfigurationList = 1A6501AA1BA46F1F00CAADEF /* Build configuration list for PBXNativeTarget "StoryTests" */;
			buildPhases = (
				1A6501991BA46F1E00CAADEF /* Sources */,
				1A65019A1BA46F1E00CAADEF /* Frameworks */,
				1A65019B1BA46F1E00CAADEF /* Resources */,
			);
			buildRules = (
			);
			dependencies = (
				1A65019F1BA46F1F00CAADEF /* PBXTargetDependency */,
			);
			name = StoryTests;
			productName = StoryTests;
			productReference = 1A65019D1BA46F1E00CAADEF /* StoryTests.xctest */;
			productType = "com.apple.product-type.bundle.unit-test";
		};
/* End PBXNativeTarget section */

/* Begin PBXProject section */
		1A65017C1BA46F1D00CAADEF /* Project object */ = {
			isa = PBXProject;
			attributes = {
				LastUpgradeCheck = 0700;
				ORGANIZATIONNAME = myComp;
				TargetAttributes = {
					1A6501831BA46F1E00CAADEF = {
						CreatedOnToolsVersion = 6.1;
					};
					1A65019C1BA46F1E00CAADEF = {
						CreatedOnToolsVersion = 6.1;
						TestTargetID = 1A6501831BA46F1E00CAADEF;
					};
				};
			};
			buildConfigurationList = 1A65017F1BA46F1D00CAADEF /* Build configuration list for PBXProject "Story" */;
			compatibilityVersion = "Xcode 3.2";
			developmentRegion = English;
			hasScannedForEncodings = 0;
			knownRegions = (
				en,
				Base,
			);
			mainGroup = 1A65017B1BA46F1D00CAADEF;
			productRefGroup = 1A6501851BA46F1E00CAADEF /* Products */;
			projectDirPath = "";
			projectRoot = "";
			targets = (
				1A6501831BA46F1E00CAADEF /* Story */,
				1A65019C1BA46F1E00CAADEF /* StoryTests */,
			);
		};
/* End PBXProject section */

/* Begin PBXResourcesBuildPhase section */
		1A6501821BA46F1E00CAADEF /* Resources */ = {
			isa = PBXResourcesBuildPhase;
			buildActionMask = 2147483647;
			files = (
				1A6501931BA46F1E00CAADEF /* Main.storyboard in Resources */,
				1A6501981BA46F1E00CAADEF /* LaunchScreen.xib in Resources */,
				1A6501951BA46F1E00CAADEF /* Images.xcassets in Resources */,
			);
			runOnlyForDeploymentPostprocessing = 0;
		};
		1A65019B1BA46F1E00CAADEF /* Resources */ = {
			isa = PBXResourcesBuildPhase;
			buildActionMask = 2147483647;
			files = (
			);
			runOnlyForDeploymentPostprocessing = 0;
		};
/* End PBXResourcesBuildPhase section */

/* Begin PBXSourcesBuildPhase section */
		1A6501801BA46F1E00CAADEF /* Sources */ = {
			isa = PBXSourcesBuildPhase;
			buildActionMask = 2147483647;
			files = (
				1A30D6B61BA494F50072CB67 /* HTMLNode.m in Sources */,
				1A6501901BA46F1E00CAADEF /* ViewController.m in Sources */,
				1A2AEC221BA9D63E00528C4A /* StoryDetailModel.m in Sources */,
				1A65018D1BA46F1E00CAADEF /* AppDelegate.m in Sources */,
				1A65018A1BA46F1E00CAADEF /* main.m in Sources */,
				1A30D6B71BA494F50072CB67 /* HTMLParser.m in Sources */,
			);
			runOnlyForDeploymentPostprocessing = 0;
		};
		1A6501991BA46F1E00CAADEF /* Sources */ = {
			isa = PBXSourcesBuildPhase;
			buildActionMask = 2147483647;
			files = (
				1A6501A41BA46F1F00CAADEF /* StoryTests.m in Sources */,
			);
			runOnlyForDeploymentPostprocessing = 0;
		};
/* End PBXSourcesBuildPhase section */

/* Begin PBXTargetDependency section */
		1A65019F1BA46F1F00CAADEF /* PBXTargetDependency */ = {
			isa = PBXTargetDependency;
			target = 1A6501831BA46F1E00CAADEF /* Story */;
			targetProxy = 1A65019E1BA46F1F00CAADEF /* PBXContainerItemProxy */;
		};
/* End PBXTargetDependency section */

/* Begin PBXVariantGroup section */
		1A6501911BA46F1E00CAADEF /* Main.storyboard */ = {
			isa = PBXVariantGroup;
			children = (
				1A6501921BA46F1E00CAADEF /* Base */,
			);
			name = Main.storyboard;
			sourceTree = "<group>";
		};
		1A6501961BA46F1E00CAADEF /* LaunchScreen.xib */ = {
			isa = PBXVariantGroup;
			children = (
				1A6501971BA46F1E00CAADEF /* Base */,
			);
			name = LaunchScreen.xib;
			sourceTree = "<group>";
		};
/* End PBXVariantGroup section */

/* Begin XCBuildConfiguration section */
		1A6501A51BA46F1F00CAADEF /* Debug */ = {
			isa = XCBuildConfiguration;
			buildSettings = {
				ALWAYS_SEARCH_USER_PATHS = NO;
				CLANG_CXX_LANGUAGE_STANDARD = "gnu++0x";
				CLANG_CXX_LIBRARY = "libc++";
				CLANG_ENABLE_MODULES = YES;
				CLANG_ENABLE_OBJC_ARC = YES;
				CLANG_WARN_BOOL_CONVERSION = YES;
				CLANG_WARN_CONSTANT_CONVERSION = YES;
				CLANG_WARN_DIRECT_OBJC_ISA_USAGE = YES_ERROR;
				CLANG_WARN_EMPTY_BODY = YES;
				CLANG_WARN_ENUM_CONVERSION = YES;
				CLANG_WARN_INT_CONVERSION = YES;
				CLANG_WARN_OBJC_ROOT_CLASS = YES_ERROR;
				CLANG_WARN_UNREACHABLE_CODE = YES;
				CLANG_WARN__DUPLICATE_METHOD_MATCH = YES;
				"CODE_SIGN_IDENTITY[sdk=iphoneos*]" = "iPhone Developer";
				COPY_PHASE_STRIP = NO;
				ENABLE_STRICT_OBJC_MSGSEND = YES;
				ENABLE_TESTABILITY = YES;
				GCC_C_LANGUAGE_STANDARD = gnu99;
				GCC_DYNAMIC_NO_PIC = NO;
				GCC_OPTIMIZATION_LEVEL = 0;
				GCC_PREPROCESSOR_DEFINITIONS = (
					"DEBUG=1",
					"$(inherited)",
				);
				GCC_SYMBOLS_PRIVATE_EXTERN = NO;
				GCC_WARN_64_TO_32_BIT_CONVERSION = YES;
				GCC_WARN_ABOUT_RETURN_TYPE = YES_ERROR;
				GCC_WARN_UNDECLARED_SELECTOR = YES;
				GCC_WARN_UNINITIALIZED_AUTOS = YES_AGGRESSIVE;
				GCC_WARN_UNUSED_FUNCTION = YES;
				GCC_WARN_UNUSED_VARIABLE = YES;
				IPHONEOS_DEPLOYMENT_TARGET = 8.1;
				MTL_ENABLE_DEBUG_INFO = YES;
				ONLY_ACTIVE_ARCH = YES;
				SDKROOT = iphoneos;
			};
			name = Debug;
		};
		1A6501A61BA46F1F00CAADEF /* Release */ = {
			isa = XCBuildConfiguration;
			buildSettings = {
				ALWAYS_SEARCH_USER_PATHS = NO;
				CLANG_CXX_LANGUAGE_STANDARD = "gnu++0x";
				CLANG_CXX_LIBRARY = "libc++";
				CLANG_ENABLE_MODULES = YES;
				CLANG_ENABLE_OBJC_ARC = YES;
				CLANG_WARN_BOOL_CONVERSION = YES;
				CLANG_WARN_CONSTANT_CONVERSION = YES;
				CLANG_WARN_DIRECT_OBJC_ISA_USAGE = YES_ERROR;
				CLANG_WARN_EMPTY_BODY = YES;
				CLANG_WARN_ENUM_CONVERSION = YES;
				CLANG_WARN_INT_CONVERSION = YES;
				CLANG_WARN_OBJC_ROOT_CLASS = YES_ERROR;
				CLANG_WARN_UNREACHABLE_CODE = YES;
				CLANG_WARN__DUPLICATE_METHOD_MATCH = YES;
				"CODE_SIGN_IDENTITY[sdk=iphoneos*]" = "iPhone Developer";
				COPY_PHASE_STRIP = YES;
				ENABLE_NS_ASSERTIONS = NO;
				ENABLE_STRICT_OBJC_MSGSEND = YES;
				GCC_C_LANGUAGE_STANDARD = gnu99;
				GCC_WARN_64_TO_32_BIT_CONVERSION = YES;
				GCC_WARN_ABOUT_RETURN_TYPE = YES_ERROR;
				GCC_WARN_UNDECLARED_SELECTOR = YES;
				GCC_WARN_UNINITIALIZED_AUTOS = YES_AGGRESSIVE;
				GCC_WARN_UNUSED_FUNCTION = YES;
				GCC_WARN_UNUSED_VARIABLE = YES;
				IPHONEOS_DEPLOYMENT_TARGET = 8.1;
				MTL_ENABLE_DEBUG_INFO = NO;
				SDKROOT = iphoneos;
				VALIDATE_PRODUCT = YES;
			};
			name = Release;
		};
		1A6501A81BA46F1F00CAADEF /* Debug */ = {
			isa = XCBuildConfiguration;
			buildSettings = {
				ASSETCATALOG_COMPILER_APPICON_NAME = AppIcon;
				HEADER_SEARCH_PATHS = (
					"$(inherited)",
					/Applications/Xcode.app/Contents/Developer/Toolchains/XcodeDefault.xctoolchain/usr/include,
					/usr/include/libxml2,
				);
				INFOPLIST_FILE = Story/Info.plist;
				LD_RUNPATH_SEARCH_PATHS = "$(inherited) @executable_path/Frameworks";
				PRODUCT_BUNDLE_IDENTIFIER = "myComp.$(PRODUCT_NAME:rfc1034identifier)";
				PRODUCT_NAME = "$(TARGET_NAME)";
			};
			name = Debug;
		};
		1A6501A91BA46F1F00CAADEF /* Release */ = {
			isa = XCBuildConfiguration;
			buildSettings = {
				ASSETCATALOG_COMPILER_APPICON_NAME = AppIcon;
				HEADER_SEARCH_PATHS = (
					"$(inherited)",
					/Applications/Xcode.app/Contents/Developer/Toolchains/XcodeDefault.xctoolchain/usr/include,
					/usr/include/libxml2,
				);
				INFOPLIST_FILE = Story/Info.plist;
				LD_RUNPATH_SEARCH_PATHS = "$(inherited) @executable_path/Frameworks";
				PRODUCT_BUNDLE_IDENTIFIER = "myComp.$(PRODUCT_NAME:rfc1034identifier)";
				PRODUCT_NAME = "$(TARGET_NAME)";
			};
			name = Release;
		};
		1A6501AB1BA46F1F00CAADEF /* Debug */ = {
			isa = XCBuildConfiguration;
			buildSettings = {
				BUNDLE_LOADER = "$(TEST_HOST)";
				FRAMEWORK_SEARCH_PATHS = (
					"$(SDKROOT)/Developer/Library/Frameworks",
					"$(inherited)",
				);
				GCC_PREPROCESSOR_DEFINITIONS = (
					"DEBUG=1",
					"$(inherited)",
				);
				INFOPLIST_FILE = StoryTests/Info.plist;
				LD_RUNPATH_SEARCH_PATHS = "$(inherited) @executable_path/Frameworks @loader_path/Frameworks";
				PRODUCT_BUNDLE_IDENTIFIER = "myComp.$(PRODUCT_NAME:rfc1034identifier)";
				PRODUCT_NAME = "$(TARGET_NAME)";
				TEST_HOST = "$(BUILT_PRODUCTS_DIR)/Story.app/Story";
			};
			name = Debug;
		};
		1A6501AC1BA46F1F00CAADEF /* Release */ = {
			isa = XCBuildConfiguration;
			buildSettings = {
				BUNDLE_LOADER = "$(TEST_HOST)";
				FRAMEWORK_SEARCH_PATHS = (
					"$(SDKROOT)/Developer/Library/Frameworks",
					"$(inherited)",
				);
				INFOPLIST_FILE = StoryTests/Info.plist;
				LD_RUNPATH_SEARCH_PATHS = "$(inherited) @executable_path/Frameworks @loader_path/Frameworks";
				PRODUCT_BUNDLE_IDENTIFIER = "myComp.$(PRODUCT_NAME:rfc1034identifier)";
				PRODUCT_NAME = "$(TARGET_NAME)";
				TEST_HOST = "$(BUILT_PRODUCTS_DIR)/Story.app/Story";
			};
			name = Release;
		};
/* End XCBuildConfiguration section */

/* Begin XCConfigurationList section */
		1A65017F1BA46F1D00CAADEF /* Build configuration list for PBXProject "Story" */ = {
			isa = XCConfigurationList;
			buildConfigurations = (
				1A6501A51BA46F1F00CAADEF /* Debug */,
				1A6501A61BA46F1F00CAADEF /* Release */,
			);
			defaultConfigurationIsVisible = 0;
			defaultConfigurationName = Release;
		};
		1A6501A71BA46F1F00CAADEF /* Build configuration list for PBXNativeTarget "Story" */ = {
			isa = XCConfigurationList;
			buildConfigurations = (
				1A6501A81BA46F1F00CAADEF /* Debug */,
				1A6501A91BA46F1F00CAADEF /* Release */,
			);
			defaultConfigurationIsVisible = 0;
			defaultConfigurationName = Release;
		};
		1A6501AA1BA46F1F00CAADEF /* Build configuration list for PBXNativeTarget "StoryTests" */ = {
			isa = XCConfigurationList;
			buildConfigurations = (
				1A6501AB1BA46F1F00CAADEF /* Debug */,
				1A6501AC1BA46F1F00CAADEF /* Release */,
			);
			defaultConfigurationIsVisible = 0;
			defaultConfigurationName = Release;
		};
/* End XCConfigurationList section */
	};
	rootObject = 1A65017C1BA46F1D00CAADEF /* Project object */;
}
